// !$*UTF8*$!
{
	archiveVersion = 1;
	classes = {
	};
	objectVersion = 55;
	objects = {

/* Begin PBXBuildFile section */
		6C04413E2889208600F3152C /* SandboxApp.swift in Sources */ = {isa = PBXBuildFile; fileRef = 6C04413D2889208600F3152C /* SandboxApp.swift */; };
		6C0441402889208600F3152C /* ContentView.swift in Sources */ = {isa = PBXBuildFile; fileRef = 6C04413F2889208600F3152C /* ContentView.swift */; };
		6C0441422889208700F3152C /* Assets.xcassets in Resources */ = {isa = PBXBuildFile; fileRef = 6C0441412889208700F3152C /* Assets.xcassets */; };
		6C0441452889208700F3152C /* Preview Assets.xcassets in Resources */ = {isa = PBXBuildFile; fileRef = 6C0441442889208700F3152C /* Preview Assets.xcassets */; };
		6C04415D288921EB00F3152C /* Accelerate.framework in Frameworks */ = {isa = PBXBuildFile; fileRef = 6C044159288921AC00F3152C /* Accelerate.framework */; };
		6C04415E288921EB00F3152C /* CoreData.framework in Frameworks */ = {isa = PBXBuildFile; fileRef = 6C04415B288921B500F3152C /* CoreData.framework */; };
		6C044164288921EB00F3152C /* CoreLocation.framework in Frameworks */ = {isa = PBXBuildFile; fileRef = 6C04415F288921EB00F3152C /* CoreLocation.framework */; };
		6C044165288921EB00F3152C /* CoreGraphics.framework in Frameworks */ = {isa = PBXBuildFile; fileRef = 6C044160288921EB00F3152C /* CoreGraphics.framework */; };
		6C044166288921EB00F3152C /* CoreText.framework in Frameworks */ = {isa = PBXBuildFile; fileRef = 6C044161288921EB00F3152C /* CoreText.framework */; };
		6C044167288921EB00F3152C /* CoreTelephony.framework in Frameworks */ = {isa = PBXBuildFile; fileRef = 6C044162288921EB00F3152C /* CoreTelephony.framework */; };
		6C044168288921EB00F3152C /* CoreImage.framework in Frameworks */ = {isa = PBXBuildFile; fileRef = 6C044163288921EB00F3152C /* CoreImage.framework */; };
		6C04416D2889221C00F3152C /* ImageIO.framework in Frameworks */ = {isa = PBXBuildFile; fileRef = 6C0441692889221C00F3152C /* ImageIO.framework */; };
		6C04416E2889221C00F3152C /* libz.tbd in Frameworks */ = {isa = PBXBuildFile; fileRef = 6C04416A2889221C00F3152C /* libz.tbd */; };
		6C04416F2889221C00F3152C /* libc++.tbd in Frameworks */ = {isa = PBXBuildFile; fileRef = 6C04416B2889221C00F3152C /* libc++.tbd */; };
		6C0441702889221C00F3152C /* GLKit.framework in Frameworks */ = {isa = PBXBuildFile; fileRef = 6C04416C2889221C00F3152C /* GLKit.framework */; };
		6C0441762889225500F3152C /* Metal.framework in Frameworks */ = {isa = PBXBuildFile; fileRef = 6C0441712889225400F3152C /* Metal.framework */; };
		6C0441772889225500F3152C /* QuartzCore.framework in Frameworks */ = {isa = PBXBuildFile; fileRef = 6C0441722889225400F3152C /* QuartzCore.framework */; };
		6C0441782889225500F3152C /* UIKit.framework in Frameworks */ = {isa = PBXBuildFile; fileRef = 6C0441732889225400F3152C /* UIKit.framework */; };
		6C0441792889225500F3152C /* SystemConfiguration.framework in Frameworks */ = {isa = PBXBuildFile; fileRef = 6C0441742889225400F3152C /* SystemConfiguration.framework */; };
		6C04417A2889225500F3152C /* OpenGLES.framework in Frameworks */ = {isa = PBXBuildFile; fileRef = 6C0441752889225500F3152C /* OpenGLES.framework */; };
		6C04418128892BDD00F3152C /* GoogleMapsView.swift in Sources */ = {isa = PBXBuildFile; fileRef = 6C04418028892BDD00F3152C /* GoogleMapsView.swift */; };
		6C0441852889311B00F3152C /* GoogleMapsCore.xcframework in Frameworks */ = {isa = PBXBuildFile; fileRef = 6C0441822889311B00F3152C /* GoogleMapsCore.xcframework */; };
		6C0441872889311B00F3152C /* GoogleMaps.xcframework in Frameworks */ = {isa = PBXBuildFile; fileRef = 6C0441832889311B00F3152C /* GoogleMaps.xcframework */; };
		6C0441892889311B00F3152C /* GoogleMapsBase.xcframework in Frameworks */ = {isa = PBXBuildFile; fileRef = 6C0441842889311B00F3152C /* GoogleMapsBase.xcframework */; };
		6C04418D2889319D00F3152C /* GoogleMaps.bundle in Resources */ = {isa = PBXBuildFile; fileRef = 6C04418C2889319D00F3152C /* GoogleMaps.bundle */; };
/* End PBXBuildFile section */

/* Begin PBXFileReference section */
		6C04413A2889208600F3152C /* GoogleMaps-Sandbox.app */ = {isa = PBXFileReference; explicitFileType = wrapper.application; includeInIndex = 0; path = "GoogleMaps-Sandbox.app"; sourceTree = BUILT_PRODUCTS_DIR; };
		6C04413D2889208600F3152C /* SandboxApp.swift */ = {isa = PBXFileReference; lastKnownFileType = sourcecode.swift; path = SandboxApp.swift; sourceTree = "<group>"; };
		6C04413F2889208600F3152C /* ContentView.swift */ = {isa = PBXFileReference; lastKnownFileType = sourcecode.swift; path = ContentView.swift; sourceTree = "<group>"; };
		6C0441412889208700F3152C /* Assets.xcassets */ = {isa = PBXFileReference; lastKnownFileType = folder.assetcatalog; path = Assets.xcassets; sourceTree = "<group>"; };
		6C0441442889208700F3152C /* Preview Assets.xcassets */ = {isa = PBXFileReference; lastKnownFileType = folder.assetcatalog; path = "Preview Assets.xcassets"; sourceTree = "<group>"; };
		6C044159288921AC00F3152C /* Accelerate.framework */ = {isa = PBXFileReference; lastKnownFileType = wrapper.framework; name = Accelerate.framework; path = System/Library/Frameworks/Accelerate.framework; sourceTree = SDKROOT; };
		6C04415B288921B500F3152C /* CoreData.framework */ = {isa = PBXFileReference; lastKnownFileType = wrapper.framework; name = CoreData.framework; path = System/Library/Frameworks/CoreData.framework; sourceTree = SDKROOT; };
		6C04415F288921EB00F3152C /* CoreLocation.framework */ = {isa = PBXFileReference; lastKnownFileType = wrapper.framework; name = CoreLocation.framework; path = System/Library/Frameworks/CoreLocation.framework; sourceTree = SDKROOT; };
		6C044160288921EB00F3152C /* CoreGraphics.framework */ = {isa = PBXFileReference; lastKnownFileType = wrapper.framework; name = CoreGraphics.framework; path = System/Library/Frameworks/CoreGraphics.framework; sourceTree = SDKROOT; };
		6C044161288921EB00F3152C /* CoreText.framework */ = {isa = PBXFileReference; lastKnownFileType = wrapper.framework; name = CoreText.framework; path = System/Library/Frameworks/CoreText.framework; sourceTree = SDKROOT; };
		6C044162288921EB00F3152C /* CoreTelephony.framework */ = {isa = PBXFileReference; lastKnownFileType = wrapper.framework; name = CoreTelephony.framework; path = System/Library/Frameworks/CoreTelephony.framework; sourceTree = SDKROOT; };
		6C044163288921EB00F3152C /* CoreImage.framework */ = {isa = PBXFileReference; lastKnownFileType = wrapper.framework; name = CoreImage.framework; path = System/Library/Frameworks/CoreImage.framework; sourceTree = SDKROOT; };
		6C0441692889221C00F3152C /* ImageIO.framework */ = {isa = PBXFileReference; lastKnownFileType = wrapper.framework; name = ImageIO.framework; path = System/Library/Frameworks/ImageIO.framework; sourceTree = SDKROOT; };
		6C04416A2889221C00F3152C /* libz.tbd */ = {isa = PBXFileReference; lastKnownFileType = "sourcecode.text-based-dylib-definition"; name = libz.tbd; path = usr/lib/libz.tbd; sourceTree = SDKROOT; };
		6C04416B2889221C00F3152C /* libc++.tbd */ = {isa = PBXFileReference; lastKnownFileType = "sourcecode.text-based-dylib-definition"; name = "libc++.tbd"; path = "usr/lib/libc++.tbd"; sourceTree = SDKROOT; };
		6C04416C2889221C00F3152C /* GLKit.framework */ = {isa = PBXFileReference; lastKnownFileType = wrapper.framework; name = GLKit.framework; path = System/Library/Frameworks/GLKit.framework; sourceTree = SDKROOT; };
		6C0441712889225400F3152C /* Metal.framework */ = {isa = PBXFileReference; lastKnownFileType = wrapper.framework; name = Metal.framework; path = System/Library/Frameworks/Metal.framework; sourceTree = SDKROOT; };
		6C0441722889225400F3152C /* QuartzCore.framework */ = {isa = PBXFileReference; lastKnownFileType = wrapper.framework; name = QuartzCore.framework; path = System/Library/Frameworks/QuartzCore.framework; sourceTree = SDKROOT; };
		6C0441732889225400F3152C /* UIKit.framework */ = {isa = PBXFileReference; lastKnownFileType = wrapper.framework; name = UIKit.framework; path = System/Library/Frameworks/UIKit.framework; sourceTree = SDKROOT; };
		6C0441742889225400F3152C /* SystemConfiguration.framework */ = {isa = PBXFileReference; lastKnownFileType = wrapper.framework; name = SystemConfiguration.framework; path = System/Library/Frameworks/SystemConfiguration.framework; sourceTree = SDKROOT; };
		6C0441752889225500F3152C /* OpenGLES.framework */ = {isa = PBXFileReference; lastKnownFileType = wrapper.framework; name = OpenGLES.framework; path = System/Library/Frameworks/OpenGLES.framework; sourceTree = SDKROOT; };
		6C04418028892BDD00F3152C /* GoogleMapsView.swift */ = {isa = PBXFileReference; lastKnownFileType = sourcecode.swift; path = GoogleMapsView.swift; sourceTree = "<group>"; };
		6C0441822889311B00F3152C /* GoogleMapsCore.xcframework */ = {isa = PBXFileReference; lastKnownFileType = wrapper.xcframework; name = GoogleMapsCore.xcframework; path = ".ignores/GoogleMaps-7.0.0-beta/GoogleMapsCore.xcframework"; sourceTree = "<group>"; };
		6C0441832889311B00F3152C /* GoogleMaps.xcframework */ = {isa = PBXFileReference; lastKnownFileType = wrapper.xcframework; name = GoogleMaps.xcframework; path = ".ignores/GoogleMaps-7.0.0-beta/GoogleMaps.xcframework"; sourceTree = "<group>"; };
		6C0441842889311B00F3152C /* GoogleMapsBase.xcframework */ = {isa = PBXFileReference; lastKnownFileType = wrapper.xcframework; name = GoogleMapsBase.xcframework; path = ".ignores/GoogleMaps-7.0.0-beta/GoogleMapsBase.xcframework"; sourceTree = "<group>"; };
		6C04418C2889319D00F3152C /* GoogleMaps.bundle */ = {isa = PBXFileReference; lastKnownFileType = "wrapper.plug-in"; name = GoogleMaps.bundle; path = ".ignores/GoogleMaps-7.0.0-beta/GoogleMaps.xcframework/ios-arm64_x86_64-simulator/GoogleMaps.framework/Resources/GoogleMaps.bundle"; sourceTree = "<group>"; };
/* End PBXFileReference section */

/* Begin PBXFrameworksBuildPhase section */
		6C0441372889208600F3152C /* Frameworks */ = {
			isa = PBXFrameworksBuildPhase;
			buildActionMask = 2147483647;
			files = (
				6C0441762889225500F3152C /* Metal.framework in Frameworks */,
				6C0441772889225500F3152C /* QuartzCore.framework in Frameworks */,
				6C0441782889225500F3152C /* UIKit.framework in Frameworks */,
				6C0441792889225500F3152C /* SystemConfiguration.framework in Frameworks */,
				6C04417A2889225500F3152C /* OpenGLES.framework in Frameworks */,
				6C04416D2889221C00F3152C /* ImageIO.framework in Frameworks */,
				6C04416E2889221C00F3152C /* libz.tbd in Frameworks */,
				6C04416F2889221C00F3152C /* libc++.tbd in Frameworks */,
				6C0441852889311B00F3152C /* GoogleMapsCore.xcframework in Frameworks */,
				6C0441872889311B00F3152C /* GoogleMaps.xcframework in Frameworks */,
				6C0441892889311B00F3152C /* GoogleMapsBase.xcframework in Frameworks */,
				6C0441702889221C00F3152C /* GLKit.framework in Frameworks */,
				6C044164288921EB00F3152C /* CoreLocation.framework in Frameworks */,
				6C044165288921EB00F3152C /* CoreGraphics.framework in Frameworks */,
				6C044166288921EB00F3152C /* CoreText.framework in Frameworks */,
				6C044167288921EB00F3152C /* CoreTelephony.framework in Frameworks */,
				6C044168288921EB00F3152C /* CoreImage.framework in Frameworks */,
				6C04415D288921EB00F3152C /* Accelerate.framework in Frameworks */,
				6C04415E288921EB00F3152C /* CoreData.framework in Frameworks */,
			);
			runOnlyForDeploymentPostprocessing = 0;
		};
/* End PBXFrameworksBuildPhase section */

/* Begin PBXGroup section */
		6C0441312889208600F3152C = {
			isa = PBXGroup;
			children = (
				6C04418C2889319D00F3152C /* GoogleMaps.bundle */,
				6C04413C2889208600F3152C /* GoogleMaps-Sandbox */,
				6C04413B2889208600F3152C /* Products */,
				6C04414B2889217300F3152C /* Frameworks */,
			);
			sourceTree = "<group>";
		};
		6C04413B2889208600F3152C /* Products */ = {
			isa = PBXGroup;
			children = (
				6C04413A2889208600F3152C /* GoogleMaps-Sandbox.app */,
			);
			name = Products;
			sourceTree = "<group>";
		};
		6C04413C2889208600F3152C /* GoogleMaps-Sandbox */ = {
			isa = PBXGroup;
			children = (
				6C04413D2889208600F3152C /* SandboxApp.swift */,
				6C04413F2889208600F3152C /* ContentView.swift */,
				6C04418028892BDD00F3152C /* GoogleMapsView.swift */,
				6C0441412889208700F3152C /* Assets.xcassets */,
				6C0441432889208700F3152C /* Preview Content */,
			);
			path = "GoogleMaps-Sandbox";
			sourceTree = "<group>";
		};
		6C0441432889208700F3152C /* Preview Content */ = {
			isa = PBXGroup;
			children = (
				6C0441442889208700F3152C /* Preview Assets.xcassets */,
			);
			path = "Preview Content";
			sourceTree = "<group>";
		};
		6C04414B2889217300F3152C /* Frameworks */ = {
			isa = PBXGroup;
			children = (
				6C0441832889311B00F3152C /* GoogleMaps.xcframework */,
				6C0441842889311B00F3152C /* GoogleMapsBase.xcframework */,
				6C0441822889311B00F3152C /* GoogleMapsCore.xcframework */,
				6C0441712889225400F3152C /* Metal.framework */,
				6C0441752889225500F3152C /* OpenGLES.framework */,
				6C0441722889225400F3152C /* QuartzCore.framework */,
				6C0441742889225400F3152C /* SystemConfiguration.framework */,
				6C0441732889225400F3152C /* UIKit.framework */,
				6C04416C2889221C00F3152C /* GLKit.framework */,
				6C0441692889221C00F3152C /* ImageIO.framework */,
				6C04416B2889221C00F3152C /* libc++.tbd */,
				6C04416A2889221C00F3152C /* libz.tbd */,
				6C044160288921EB00F3152C /* CoreGraphics.framework */,
				6C044163288921EB00F3152C /* CoreImage.framework */,
				6C04415F288921EB00F3152C /* CoreLocation.framework */,
				6C044162288921EB00F3152C /* CoreTelephony.framework */,
				6C044161288921EB00F3152C /* CoreText.framework */,
				6C04415B288921B500F3152C /* CoreData.framework */,
				6C044159288921AC00F3152C /* Accelerate.framework */,
			);
			name = Frameworks;
			sourceTree = "<group>";
		};
/* End PBXGroup section */

/* Begin PBXNativeTarget section */
		6C0441392889208600F3152C /* GoogleMaps-Sandbox */ = {
			isa = PBXNativeTarget;
			buildConfigurationList = 6C0441482889208700F3152C /* Build configuration list for PBXNativeTarget "GoogleMaps-Sandbox" */;
			buildPhases = (
				6C0441362889208600F3152C /* Sources */,
				6C0441372889208600F3152C /* Frameworks */,
				6C0441382889208600F3152C /* Resources */,
				6C04417D2889257300F3152C /* Run Script (Google Maps) */,
			);
			buildRules = (
			);
			dependencies = (
			);
			name = "GoogleMaps-Sandbox";
			productName = "GoogleMaps-Sandbox";
			productReference = 6C04413A2889208600F3152C /* GoogleMaps-Sandbox.app */;
			productType = "com.apple.product-type.application";
		};
/* End PBXNativeTarget section */

/* Begin PBXProject section */
		6C0441322889208600F3152C /* Project object */ = {
			isa = PBXProject;
			attributes = {
				BuildIndependentTargetsInParallel = 1;
				LastSwiftUpdateCheck = 1330;
				LastUpgradeCheck = 1330;
				TargetAttributes = {
					6C0441392889208600F3152C = {
						CreatedOnToolsVersion = 13.3.1;
					};
				};
			};
			buildConfigurationList = 6C0441352889208600F3152C /* Build configuration list for PBXProject "GoogleMaps-Sandbox" */;
			compatibilityVersion = "Xcode 13.0";
			developmentRegion = en;
			hasScannedForEncodings = 0;
			knownRegions = (
				en,
				Base,
			);
			mainGroup = 6C0441312889208600F3152C;
			productRefGroup = 6C04413B2889208600F3152C /* Products */;
			projectDirPath = "";
			projectRoot = "";
			targets = (
				6C0441392889208600F3152C /* GoogleMaps-Sandbox */,
			);
		};
/* End PBXProject section */

/* Begin PBXResourcesBuildPhase section */
		6C0441382889208600F3152C /* Resources */ = {
			isa = PBXResourcesBuildPhase;
			buildActionMask = 2147483647;
			files = (
				6C04418D2889319D00F3152C /* GoogleMaps.bundle in Resources */,
				6C0441452889208700F3152C /* Preview Assets.xcassets in Resources */,
				6C0441422889208700F3152C /* Assets.xcassets in Resources */,
			);
			runOnlyForDeploymentPostprocessing = 0;
		};
/* End PBXResourcesBuildPhase section */

/* Begin PBXShellScriptBuildPhase section */
		6C04417D2889257300F3152C /* Run Script (Google Maps) */ = {
			isa = PBXShellScriptBuildPhase;
			buildActionMask = 2147483647;
			files = (
			);
			inputFileListPaths = (
			);
			inputPaths = (
				"$(TARGET_BUILD_DIR)/$(INFOPLIST_PATH)",
				./.googlemaps,
			);
			name = "Run Script (Google Maps)";
			outputFileListPaths = (
			);
			outputPaths = (
			);
			runOnlyForDeploymentPostprocessing = 0;
			shellPath = /bin/sh;
			shellScript = "# Type a script or drag a script file from your workspace to insert its path.\ntoken_file=./.googlemaps\ntoken=\"$(cat $token_file 2>/dev/null)\"\nif [ \"$token\" ]; then\n  plutil -replace GMSAPIKey -string $token \"$TARGET_BUILD_DIR/$INFOPLIST_PATH\"\nelse\n  echo 'warning: Missing Google Maps API Key'\nfi\n";
		};
/* End PBXShellScriptBuildPhase section */

/* Begin PBXSourcesBuildPhase section */
		6C0441362889208600F3152C /* Sources */ = {
			isa = PBXSourcesBuildPhase;
			buildActionMask = 2147483647;
			files = (
				6C04418128892BDD00F3152C /* GoogleMapsView.swift in Sources */,
				6C0441402889208600F3152C /* ContentView.swift in Sources */,
				6C04413E2889208600F3152C /* SandboxApp.swift in Sources */,
			);
			runOnlyForDeploymentPostprocessing = 0;
		};
/* End PBXSourcesBuildPhase section */

/* Begin XCBuildConfiguration section */
		6C0441462889208700F3152C /* Debug */ = {
			isa = XCBuildConfiguration;
			buildSettings = {
				ALWAYS_SEARCH_USER_PATHS = NO;
				CLANG_ANALYZER_NONNULL = YES;
				CLANG_ANALYZER_NUMBER_OBJECT_CONVERSION = YES_AGGRESSIVE;
				CLANG_CXX_LANGUAGE_STANDARD = "gnu++17";
				CLANG_ENABLE_MODULES = YES;
				CLANG_ENABLE_OBJC_ARC = YES;
				CLANG_ENABLE_OBJC_WEAK = YES;
				CLANG_WARN_BLOCK_CAPTURE_AUTORELEASING = YES;
				CLANG_WARN_BOOL_CONVERSION = YES;
				CLANG_WARN_COMMA = YES;
				CLANG_WARN_CONSTANT_CONVERSION = YES;
				CLANG_WARN_DEPRECATED_OBJC_IMPLEMENTATIONS = YES;
				CLANG_WARN_DIRECT_OBJC_ISA_USAGE = YES_ERROR;
				CLANG_WARN_DOCUMENTATION_COMMENTS = YES;
				CLANG_WARN_EMPTY_BODY = YES;
				CLANG_WARN_ENUM_CONVERSION = YES;
				CLANG_WARN_INFINITE_RECURSION = YES;
				CLANG_WARN_INT_CONVERSION = YES;
				CLANG_WARN_NON_LITERAL_NULL_CONVERSION = YES;
				CLANG_WARN_OBJC_IMPLICIT_RETAIN_SELF = YES;
				CLANG_WARN_OBJC_LITERAL_CONVERSION = YES;
				CLANG_WARN_OBJC_ROOT_CLASS = YES_ERROR;
				CLANG_WARN_QUOTED_INCLUDE_IN_FRAMEWORK_HEADER = YES;
				CLANG_WARN_RANGE_LOOP_ANALYSIS = YES;
				CLANG_WARN_STRICT_PROTOTYPES = YES;
				CLANG_WARN_SUSPICIOUS_MOVE = YES;
				CLANG_WARN_UNGUARDED_AVAILABILITY = YES_AGGRESSIVE;
				CLANG_WARN_UNREACHABLE_CODE = YES;
				CLANG_WARN__DUPLICATE_METHOD_MATCH = YES;
				COPY_PHASE_STRIP = NO;
				DEBUG_INFORMATION_FORMAT = dwarf;
				ENABLE_STRICT_OBJC_MSGSEND = YES;
				ENABLE_TESTABILITY = YES;
				GCC_C_LANGUAGE_STANDARD = gnu11;
				GCC_DYNAMIC_NO_PIC = NO;
				GCC_NO_COMMON_BLOCKS = YES;
				GCC_OPTIMIZATION_LEVEL = 0;
				GCC_PREPROCESSOR_DEFINITIONS = (
					"DEBUG=1",
					"$(inherited)",
				);
				GCC_WARN_64_TO_32_BIT_CONVERSION = YES;
				GCC_WARN_ABOUT_RETURN_TYPE = YES_ERROR;
				GCC_WARN_UNDECLARED_SELECTOR = YES;
				GCC_WARN_UNINITIALIZED_AUTOS = YES_AGGRESSIVE;
				GCC_WARN_UNUSED_FUNCTION = YES;
				GCC_WARN_UNUSED_VARIABLE = YES;
				IPHONEOS_DEPLOYMENT_TARGET = 15.4;
				MTL_ENABLE_DEBUG_INFO = INCLUDE_SOURCE;
				MTL_FAST_MATH = YES;
				ONLY_ACTIVE_ARCH = YES;
				SDKROOT = iphoneos;
				SWIFT_ACTIVE_COMPILATION_CONDITIONS = DEBUG;
				SWIFT_OPTIMIZATION_LEVEL = "-Onone";
			};
			name = Debug;
		};
		6C0441472889208700F3152C /* Release */ = {
			isa = XCBuildConfiguration;
			buildSettings = {
				ALWAYS_SEARCH_USER_PATHS = NO;
				CLANG_ANALYZER_NONNULL = YES;
				CLANG_ANALYZER_NUMBER_OBJECT_CONVERSION = YES_AGGRESSIVE;
				CLANG_CXX_LANGUAGE_STANDARD = "gnu++17";
				CLANG_ENABLE_MODULES = YES;
				CLANG_ENABLE_OBJC_ARC = YES;
				CLANG_ENABLE_OBJC_WEAK = YES;
				CLANG_WARN_BLOCK_CAPTURE_AUTORELEASING = YES;
				CLANG_WARN_BOOL_CONVERSION = YES;
				CLANG_WARN_COMMA = YES;
				CLANG_WARN_CONSTANT_CONVERSION = YES;
				CLANG_WARN_DEPRECATED_OBJC_IMPLEMENTATIONS = YES;
				CLANG_WARN_DIRECT_OBJC_ISA_USAGE = YES_ERROR;
				CLANG_WARN_DOCUMENTATION_COMMENTS = YES;
				CLANG_WARN_EMPTY_BODY = YES;
				CLANG_WARN_ENUM_CONVERSION = YES;
				CLANG_WARN_INFINITE_RECURSION = YES;
				CLANG_WARN_INT_CONVERSION = YES;
				CLANG_WARN_NON_LITERAL_NULL_CONVERSION = YES;
				CLANG_WARN_OBJC_IMPLICIT_RETAIN_SELF = YES;
				CLANG_WARN_OBJC_LITERAL_CONVERSION = YES;
				CLANG_WARN_OBJC_ROOT_CLASS = YES_ERROR;
				CLANG_WARN_QUOTED_INCLUDE_IN_FRAMEWORK_HEADER = YES;
				CLANG_WARN_RANGE_LOOP_ANALYSIS = YES;
				CLANG_WARN_STRICT_PROTOTYPES = YES;
				CLANG_WARN_SUSPICIOUS_MOVE = YES;
				CLANG_WARN_UNGUARDED_AVAILABILITY = YES_AGGRESSIVE;
				CLANG_WARN_UNREACHABLE_CODE = YES;
				CLANG_WARN__DUPLICATE_METHOD_MATCH = YES;
				COPY_PHASE_STRIP = NO;
				DEBUG_INFORMATION_FORMAT = "dwarf-with-dsym";
				ENABLE_NS_ASSERTIONS = NO;
				ENABLE_STRICT_OBJC_MSGSEND = YES;
				GCC_C_LANGUAGE_STANDARD = gnu11;
				GCC_NO_COMMON_BLOCKS = YES;
				GCC_WARN_64_TO_32_BIT_CONVERSION = YES;
				GCC_WARN_ABOUT_RETURN_TYPE = YES_ERROR;
				GCC_WARN_UNDECLARED_SELECTOR = YES;
				GCC_WARN_UNINITIALIZED_AUTOS = YES_AGGRESSIVE;
				GCC_WARN_UNUSED_FUNCTION = YES;
				GCC_WARN_UNUSED_VARIABLE = YES;
				IPHONEOS_DEPLOYMENT_TARGET = 15.4;
				MTL_ENABLE_DEBUG_INFO = NO;
				MTL_FAST_MATH = YES;
				SDKROOT = iphoneos;
				SWIFT_COMPILATION_MODE = wholemodule;
				SWIFT_OPTIMIZATION_LEVEL = "-O";
				VALIDATE_PRODUCT = YES;
			};
			name = Release;
		};
		6C0441492889208700F3152C /* Debug */ = {
			isa = XCBuildConfiguration;
			buildSettings = {
				ASSETCATALOG_COMPILER_APPICON_NAME = AppIcon;
				ASSETCATALOG_COMPILER_GLOBAL_ACCENT_COLOR_NAME = AccentColor;
				CODE_SIGN_STYLE = Automatic;
				CURRENT_PROJECT_VERSION = 1;
				DEVELOPMENT_ASSET_PATHS = "\"GoogleMaps-Sandbox/Preview Content\"";
				ENABLE_PREVIEWS = YES;
				GENERATE_INFOPLIST_FILE = YES;
				INFOPLIST_KEY_UIApplicationSceneManifest_Generation = YES;
				INFOPLIST_KEY_UIApplicationSupportsIndirectInputEvents = YES;
				INFOPLIST_KEY_UILaunchScreen_Generation = YES;
				INFOPLIST_KEY_UISupportedInterfaceOrientations_iPad = "UIInterfaceOrientationPortrait UIInterfaceOrientationPortraitUpsideDown UIInterfaceOrientationLandscapeLeft UIInterfaceOrientationLandscapeRight";
				INFOPLIST_KEY_UISupportedInterfaceOrientations_iPhone = "UIInterfaceOrientationPortrait UIInterfaceOrientationLandscapeLeft UIInterfaceOrientationLandscapeRight";
				LD_RUNPATH_SEARCH_PATHS = (
					"$(inherited)",
					"@executable_path/Frameworks",
				);
				MARKETING_VERSION = 1.0;
				OTHER_LDFLAGS = "-ObjC";
				PRODUCT_BUNDLE_IDENTIFIER = "com.exam.GoogleMaps-Sandbox";
				PRODUCT_NAME = "$(TARGET_NAME)";
				SWIFT_EMIT_LOC_STRINGS = YES;
				SWIFT_VERSION = 5.0;
				TARGETED_DEVICE_FAMILY = "1,2";
			};
			name = Debug;
		};
		6C04414A2889208700F3152C /* Release */ = {
			isa = XCBuildConfiguration;
			buildSettings = {
				ASSETCATALOG_COMPILER_APPICON_NAME = AppIcon;
				ASSETCATALOG_COMPILER_GLOBAL_ACCENT_COLOR_NAME = AccentColor;
				CODE_SIGN_STYLE = Automatic;
				CURRENT_PROJECT_VERSION = 1;
				DEVELOPMENT_ASSET_PATHS = "\"GoogleMaps-Sandbox/Preview Content\"";
				ENABLE_PREVIEWS = YES;
				GENERATE_INFOPLIST_FILE = YES;
				INFOPLIST_KEY_UIApplicationSceneManifest_Generation = YES;
				INFOPLIST_KEY_UIApplicationSupportsIndirectInputEvents = YES;
				INFOPLIST_KEY_UILaunchScreen_Generation = YES;
				INFOPLIST_KEY_UISupportedInterfaceOrientations_iPad = "UIInterfaceOrientationPortrait UIInterfaceOrientationPortraitUpsideDown UIInterfaceOrientationLandscapeLeft UIInterfaceOrientationLandscapeRight";
				INFOPLIST_KEY_UISupportedInterfaceOrientations_iPhone = "UIInterfaceOrientationPortrait UIInterfaceOrientationLandscapeLeft UIInterfaceOrientationLandscapeRight";
				LD_RUNPATH_SEARCH_PATHS = (
					"$(inherited)",
					"@executable_path/Frameworks",
				);
				MARKETING_VERSION = 1.0;
				OTHER_LDFLAGS = "-ObjC";
				PRODUCT_BUNDLE_IDENTIFIER = "com.exam.GoogleMaps-Sandbox";
				PRODUCT_NAME = "$(TARGET_NAME)";
				SWIFT_EMIT_LOC_STRINGS = YES;
				SWIFT_VERSION = 5.0;
				TARGETED_DEVICE_FAMILY = "1,2";
			};
			name = Release;
		};
/* End XCBuildConfiguration section */

/* Begin XCConfigurationList section */
		6C0441352889208600F3152C /* Build configuration list for PBXProject "GoogleMaps-Sandbox" */ = {
			isa = XCConfigurationList;
			buildConfigurations = (
				6C0441462889208700F3152C /* Debug */,
				6C0441472889208700F3152C /* Release */,
			);
			defaultConfigurationIsVisible = 0;
			defaultConfigurationName = Release;
		};
		6C0441482889208700F3152C /* Build configuration list for PBXNativeTarget "GoogleMaps-Sandbox" */ = {
			isa = XCConfigurationList;
			buildConfigurations = (
				6C0441492889208700F3152C /* Debug */,
				6C04414A2889208700F3152C /* Release */,
			);
			defaultConfigurationIsVisible = 0;
			defaultConfigurationName = Release;
		};
/* End XCConfigurationList section */
	};
	rootObject = 6C0441322889208600F3152C /* Project object */;
}
