// !$*UTF8*$!
{
	archiveVersion = 1;
	classes = {
	};
	objectVersion = 51;
	objects = {

/* Begin PBXBuildFile section */
		018E426DC2C44D247837E21A /* SandboxApp.swift in Sources */ = {isa = PBXBuildFile; fileRef = F5B147BF3B973F63CAA5F287 /* SandboxApp.swift */; };
		0AF69860FE945ADEE5114C89 /* CoreTelephony.framework in Frameworks */ = {isa = PBXBuildFile; fileRef = 1CB986EEF2667F51EDF30808 /* CoreTelephony.framework */; };
		0FC042B91BAF5FEA3EA1DAA5 /* Metal.framework in Frameworks */ = {isa = PBXBuildFile; fileRef = 54C9CFFAFDE0A7B49511F563 /* Metal.framework */; };
		1C9ADF326F8791C5FA2BF62E /* CoreLocation.framework in Frameworks */ = {isa = PBXBuildFile; fileRef = 4C548172B64886FB2E200B86 /* CoreLocation.framework */; };
		1D636D66C0D53491CA3F0B93 /* CoreData.framework in Frameworks */ = {isa = PBXBuildFile; fileRef = DDB860DF5B3D5F6431912089 /* CoreData.framework */; };
		2150A4EDBA5238DDE819039C /* UIKit.framework in Frameworks */ = {isa = PBXBuildFile; fileRef = CDFB98F57383B8EC0C7D978D /* UIKit.framework */; };
		25C12C90D7610DB2A418A58D /* CoreImage.framework in Frameworks */ = {isa = PBXBuildFile; fileRef = AE8E60DAD80C50E4AA50A3F4 /* CoreImage.framework */; };
		4845D3FA913628E77B89D392 /* SystemConfiguration.framework in Frameworks */ = {isa = PBXBuildFile; fileRef = 67BDFEB5203EDDDF91628F5E /* SystemConfiguration.framework */; };
		4E9BFFD8D3D4C2EB652DCA6B /* ContentView.swift in Sources */ = {isa = PBXBuildFile; fileRef = 7E10B046159BC1C3E0519FB9 /* ContentView.swift */; };
		57B9BDF78918757396DF9D2C /* Preview Assets.xcassets in Resources */ = {isa = PBXBuildFile; fileRef = 396BEB5DC013B2744203F178 /* Preview Assets.xcassets */; };
		5A8FD9849450A69C5E7D9542 /* GoogleMapsBase.xcframework in Frameworks */ = {isa = PBXBuildFile; fileRef = 072C2E0BDCB601099652CA5E /* GoogleMapsBase.xcframework */; };
		5EC4E44B884B0653E4B07575 /* CoreGraphics.framework in Frameworks */ = {isa = PBXBuildFile; fileRef = 8616ED32BEA59D089AA44D1E /* CoreGraphics.framework */; };
		6817F768B5F7D5B9A604F789 /* QuartzCore.framework in Frameworks */ = {isa = PBXBuildFile; fileRef = CCB756B8D9F90D2626F6B837 /* QuartzCore.framework */; };
		89B78C66D77464839809D129 /* ImageIO.framework in Frameworks */ = {isa = PBXBuildFile; fileRef = 932DC10F6F8B876DD713CC9C /* ImageIO.framework */; };
		A22F73E4D6F0879642EA354B /* Assets.xcassets in Resources */ = {isa = PBXBuildFile; fileRef = 51E8032FC6282233F65EDB2E /* Assets.xcassets */; };
		BAD5EEAAC69452A589BA54B1 /* GoogleMaps.bundle in Resources */ = {isa = PBXBuildFile; fileRef = 08DA26ED8C43D8B65B474CC0 /* GoogleMaps.bundle */; };
		C2310250D4BCBE753F3403F3 /* CoreText.framework in Frameworks */ = {isa = PBXBuildFile; fileRef = 0AA1D86C425AE91C2D4CC5E7 /* CoreText.framework */; };
		C475913F15C4BDB40746ADF9 /* libz.tbd in Frameworks */ = {isa = PBXBuildFile; fileRef = B6C7BC8C3402A51DA66A2C27 /* libz.tbd */; };
		D5571C8195906CFA29529F26 /* GoogleMaps.xcframework in Frameworks */ = {isa = PBXBuildFile; fileRef = 60F506EB5E8642A82B357E4B /* GoogleMaps.xcframework */; };
		F11128712A34C36A38FD9F05 /* GoogleMapsView.swift in Sources */ = {isa = PBXBuildFile; fileRef = D5C70B91842B2296D8A28855 /* GoogleMapsView.swift */; };
		F5A58D40DC523B086F3B3E19 /* GoogleMapsCore.xcframework in Frameworks */ = {isa = PBXBuildFile; fileRef = 1D9EB287A7240FC0746BA54F /* GoogleMapsCore.xcframework */; };
		FAE4099347FA8204BF4FC4E8 /* Accelerate.framework in Frameworks */ = {isa = PBXBuildFile; fileRef = F871F36A474205887EBCB1C4 /* Accelerate.framework */; };
		FBF5C53E510503CF88E80924 /* libc++.tbd in Frameworks */ = {isa = PBXBuildFile; fileRef = 1AB19A434588C985ADE92BF8 /* libc++.tbd */; };
/* End PBXBuildFile section */

/* Begin PBXFileReference section */
		072C2E0BDCB601099652CA5E /* GoogleMapsBase.xcframework */ = {isa = PBXFileReference; lastKnownFileType = wrapper.xcframework; name = GoogleMapsBase.xcframework; path = Carthage/Build/GoogleMapsBase.xcframework; sourceTree = "<group>"; };
		08DA26ED8C43D8B65B474CC0 /* GoogleMaps.bundle */ = {isa = PBXFileReference; lastKnownFileType = wrapper.cfbundle; path = GoogleMaps.bundle; sourceTree = "<group>"; };
		0AA1D86C425AE91C2D4CC5E7 /* CoreText.framework */ = {isa = PBXFileReference; lastKnownFileType = wrapper.framework; name = CoreText.framework; path = System/Library/Frameworks/CoreText.framework; sourceTree = SDKROOT; };
		1AB19A434588C985ADE92BF8 /* libc++.tbd */ = {isa = PBXFileReference; lastKnownFileType = "sourcecode.text-based-dylib-definition"; name = "libc++.tbd"; path = "usr/lib/libc++.tbd"; sourceTree = SDKROOT; };
		1CB986EEF2667F51EDF30808 /* CoreTelephony.framework */ = {isa = PBXFileReference; lastKnownFileType = wrapper.framework; name = CoreTelephony.framework; path = System/Library/Frameworks/CoreTelephony.framework; sourceTree = SDKROOT; };
		1D9EB287A7240FC0746BA54F /* GoogleMapsCore.xcframework */ = {isa = PBXFileReference; lastKnownFileType = wrapper.xcframework; name = GoogleMapsCore.xcframework; path = Carthage/Build/GoogleMapsCore.xcframework; sourceTree = "<group>"; };
		396BEB5DC013B2744203F178 /* Preview Assets.xcassets */ = {isa = PBXFileReference; lastKnownFileType = folder.assetcatalog; path = "Preview Assets.xcassets"; sourceTree = "<group>"; };
		4C548172B64886FB2E200B86 /* CoreLocation.framework */ = {isa = PBXFileReference; lastKnownFileType = wrapper.framework; name = CoreLocation.framework; path = System/Library/Frameworks/CoreLocation.framework; sourceTree = SDKROOT; };
		51E8032FC6282233F65EDB2E /* Assets.xcassets */ = {isa = PBXFileReference; lastKnownFileType = folder.assetcatalog; path = Assets.xcassets; sourceTree = "<group>"; };
		54C9CFFAFDE0A7B49511F563 /* Metal.framework */ = {isa = PBXFileReference; lastKnownFileType = wrapper.framework; name = Metal.framework; path = System/Library/Frameworks/Metal.framework; sourceTree = SDKROOT; };
		60F506EB5E8642A82B357E4B /* GoogleMaps.xcframework */ = {isa = PBXFileReference; lastKnownFileType = wrapper.xcframework; name = GoogleMaps.xcframework; path = Carthage/Build/GoogleMaps.xcframework; sourceTree = "<group>"; };
		67BDFEB5203EDDDF91628F5E /* SystemConfiguration.framework */ = {isa = PBXFileReference; lastKnownFileType = wrapper.framework; name = SystemConfiguration.framework; path = System/Library/Frameworks/SystemConfiguration.framework; sourceTree = SDKROOT; };
		7E10B046159BC1C3E0519FB9 /* ContentView.swift */ = {isa = PBXFileReference; lastKnownFileType = sourcecode.swift; path = ContentView.swift; sourceTree = "<group>"; };
		8616ED32BEA59D089AA44D1E /* CoreGraphics.framework */ = {isa = PBXFileReference; lastKnownFileType = wrapper.framework; name = CoreGraphics.framework; path = System/Library/Frameworks/CoreGraphics.framework; sourceTree = SDKROOT; };
		932DC10F6F8B876DD713CC9C /* ImageIO.framework */ = {isa = PBXFileReference; lastKnownFileType = wrapper.framework; name = ImageIO.framework; path = System/Library/Frameworks/ImageIO.framework; sourceTree = SDKROOT; };
		A2C3F73BDD51A2CB118975E7 /* GoogleMaps-Sandbox.app */ = {isa = PBXFileReference; includeInIndex = 0; lastKnownFileType = wrapper.application; path = "GoogleMaps-Sandbox.app"; sourceTree = BUILT_PRODUCTS_DIR; };
		AE8E60DAD80C50E4AA50A3F4 /* CoreImage.framework */ = {isa = PBXFileReference; lastKnownFileType = wrapper.framework; name = CoreImage.framework; path = System/Library/Frameworks/CoreImage.framework; sourceTree = SDKROOT; };
		B6C7BC8C3402A51DA66A2C27 /* libz.tbd */ = {isa = PBXFileReference; lastKnownFileType = "sourcecode.text-based-dylib-definition"; name = libz.tbd; path = usr/lib/libz.tbd; sourceTree = SDKROOT; };
		CCB756B8D9F90D2626F6B837 /* QuartzCore.framework */ = {isa = PBXFileReference; lastKnownFileType = wrapper.framework; name = QuartzCore.framework; path = System/Library/Frameworks/QuartzCore.framework; sourceTree = SDKROOT; };
		CDFB98F57383B8EC0C7D978D /* UIKit.framework */ = {isa = PBXFileReference; lastKnownFileType = wrapper.framework; name = UIKit.framework; path = System/Library/Frameworks/UIKit.framework; sourceTree = SDKROOT; };
		D5C70B91842B2296D8A28855 /* GoogleMapsView.swift */ = {isa = PBXFileReference; lastKnownFileType = sourcecode.swift; path = GoogleMapsView.swift; sourceTree = "<group>"; };
		DDB860DF5B3D5F6431912089 /* CoreData.framework */ = {isa = PBXFileReference; lastKnownFileType = wrapper.framework; name = CoreData.framework; path = System/Library/Frameworks/CoreData.framework; sourceTree = SDKROOT; };
		F5B147BF3B973F63CAA5F287 /* SandboxApp.swift */ = {isa = PBXFileReference; lastKnownFileType = sourcecode.swift; path = SandboxApp.swift; sourceTree = "<group>"; };
		F871F36A474205887EBCB1C4 /* Accelerate.framework */ = {isa = PBXFileReference; lastKnownFileType = wrapper.framework; name = Accelerate.framework; path = System/Library/Frameworks/Accelerate.framework; sourceTree = SDKROOT; };
/* End PBXFileReference section */

/* Begin PBXFrameworksBuildPhase section */
		6B8FA9B535A68AEA84025FC4 /* Frameworks */ = {
			isa = PBXFrameworksBuildPhase;
			buildActionMask = 2147483647;
			files = (
				D5571C8195906CFA29529F26 /* GoogleMaps.xcframework in Frameworks */,
				5A8FD9849450A69C5E7D9542 /* GoogleMapsBase.xcframework in Frameworks */,
				F5A58D40DC523B086F3B3E19 /* GoogleMapsCore.xcframework in Frameworks */,
				FAE4099347FA8204BF4FC4E8 /* Accelerate.framework in Frameworks */,
				1D636D66C0D53491CA3F0B93 /* CoreData.framework in Frameworks */,
				5EC4E44B884B0653E4B07575 /* CoreGraphics.framework in Frameworks */,
				25C12C90D7610DB2A418A58D /* CoreImage.framework in Frameworks */,
				1C9ADF326F8791C5FA2BF62E /* CoreLocation.framework in Frameworks */,
				0AF69860FE945ADEE5114C89 /* CoreTelephony.framework in Frameworks */,
				C2310250D4BCBE753F3403F3 /* CoreText.framework in Frameworks */,
				89B78C66D77464839809D129 /* ImageIO.framework in Frameworks */,
				FBF5C53E510503CF88E80924 /* libc++.tbd in Frameworks */,
				C475913F15C4BDB40746ADF9 /* libz.tbd in Frameworks */,
				0FC042B91BAF5FEA3EA1DAA5 /* Metal.framework in Frameworks */,
				6817F768B5F7D5B9A604F789 /* QuartzCore.framework in Frameworks */,
				4845D3FA913628E77B89D392 /* SystemConfiguration.framework in Frameworks */,
				2150A4EDBA5238DDE819039C /* UIKit.framework in Frameworks */,
			);
			runOnlyForDeploymentPostprocessing = 0;
		};
/* End PBXFrameworksBuildPhase section */

/* Begin PBXGroup section */
		06B2F1712B6F7D1C7DD66CD2 /* Frameworks */ = {
			isa = PBXGroup;
			children = (
				F871F36A474205887EBCB1C4 /* Accelerate.framework */,
				DDB860DF5B3D5F6431912089 /* CoreData.framework */,
				8616ED32BEA59D089AA44D1E /* CoreGraphics.framework */,
				AE8E60DAD80C50E4AA50A3F4 /* CoreImage.framework */,
				4C548172B64886FB2E200B86 /* CoreLocation.framework */,
				1CB986EEF2667F51EDF30808 /* CoreTelephony.framework */,
				0AA1D86C425AE91C2D4CC5E7 /* CoreText.framework */,
				60F506EB5E8642A82B357E4B /* GoogleMaps.xcframework */,
				072C2E0BDCB601099652CA5E /* GoogleMapsBase.xcframework */,
				1D9EB287A7240FC0746BA54F /* GoogleMapsCore.xcframework */,
				932DC10F6F8B876DD713CC9C /* ImageIO.framework */,
				1AB19A434588C985ADE92BF8 /* libc++.tbd */,
				B6C7BC8C3402A51DA66A2C27 /* libz.tbd */,
				54C9CFFAFDE0A7B49511F563 /* Metal.framework */,
				CCB756B8D9F90D2626F6B837 /* QuartzCore.framework */,
				67BDFEB5203EDDDF91628F5E /* SystemConfiguration.framework */,
				CDFB98F57383B8EC0C7D978D /* UIKit.framework */,
			);
			name = Frameworks;
			sourceTree = "<group>";
		};
		0BA61FEF85EC04E14847140A /* Preview Content */ = {
			isa = PBXGroup;
			children = (
				396BEB5DC013B2744203F178 /* Preview Assets.xcassets */,
			);
			path = "Preview Content";
			sourceTree = "<group>";
		};
		433CD131AF32268650B64147 /* Products */ = {
			isa = PBXGroup;
			children = (
				A2C3F73BDD51A2CB118975E7 /* GoogleMaps-Sandbox.app */,
			);
			name = Products;
			sourceTree = "<group>";
		};
		6F0EF428E96E20E30708BA6F = {
			isa = PBXGroup;
			children = (
				979D228E2871343F7DB8B607 /* GoogleMaps-Sandbox */,
				D2FF5EEEE9A1762473E945EB /* Resources */,
				06B2F1712B6F7D1C7DD66CD2 /* Frameworks */,
				433CD131AF32268650B64147 /* Products */,
			);
			sourceTree = "<group>";
		};
		979D228E2871343F7DB8B607 /* GoogleMaps-Sandbox */ = {
			isa = PBXGroup;
			children = (
				51E8032FC6282233F65EDB2E /* Assets.xcassets */,
				7E10B046159BC1C3E0519FB9 /* ContentView.swift */,
				D5C70B91842B2296D8A28855 /* GoogleMapsView.swift */,
				F5B147BF3B973F63CAA5F287 /* SandboxApp.swift */,
				0BA61FEF85EC04E14847140A /* Preview Content */,
			);
			path = "GoogleMaps-Sandbox";
			sourceTree = "<group>";
		};
		D2FF5EEEE9A1762473E945EB /* Resources */ = {
			isa = PBXGroup;
			children = (
				08DA26ED8C43D8B65B474CC0 /* GoogleMaps.bundle */,
			);
			name = Resources;
			path = "Carthage/Build/GoogleMaps.xcframework/ios-arm64_x86_64-simulator/GoogleMaps.framework/Resources";
			sourceTree = "<group>";
		};
/* End PBXGroup section */

/* Begin PBXNativeTarget section */
		454420A81234010CD136553F /* GoogleMaps-Sandbox */ = {
			isa = PBXNativeTarget;
			buildConfigurationList = 3A5940EBC32298B2FCD09733 /* Build configuration list for PBXNativeTarget "GoogleMaps-Sandbox" */;
			buildPhases = (
				585A07D90E0856D91F402E54 /* Sources */,
				79A9126C5CBBE5B5AE67922A /* Resources */,
				6B8FA9B535A68AEA84025FC4 /* Frameworks */,
				300A2344A3EC5E40501F88A4 /* Run Script (Google Maps) */,
			);
			buildRules = (
			);
			dependencies = (
			);
			name = "GoogleMaps-Sandbox";
			productName = "GoogleMaps-Sandbox";
			productReference = A2C3F73BDD51A2CB118975E7 /* GoogleMaps-Sandbox.app */;
			productType = "com.apple.product-type.application";
		};
/* End PBXNativeTarget section */

/* Begin PBXProject section */
		8A2911003AF9FD28E2E9C5B7 /* Project object */ = {
			isa = PBXProject;
			attributes = {
				LastUpgradeCheck = 1300;
				TargetAttributes = {
				};
			};
			buildConfigurationList = 9325BF3DA05C9F11C9D5FE7D /* Build configuration list for PBXProject "GoogleMaps-Sandbox" */;
			compatibilityVersion = "Xcode 11.0";
			developmentRegion = en;
			hasScannedForEncodings = 0;
			knownRegions = (
				Base,
				en,
			);
			mainGroup = 6F0EF428E96E20E30708BA6F;
			projectDirPath = "";
			projectRoot = "";
			targets = (
				454420A81234010CD136553F /* GoogleMaps-Sandbox */,
			);
		};
/* End PBXProject section */

/* Begin PBXResourcesBuildPhase section */
		79A9126C5CBBE5B5AE67922A /* Resources */ = {
			isa = PBXResourcesBuildPhase;
			buildActionMask = 2147483647;
			files = (
				A22F73E4D6F0879642EA354B /* Assets.xcassets in Resources */,
				BAD5EEAAC69452A589BA54B1 /* GoogleMaps.bundle in Resources */,
				57B9BDF78918757396DF9D2C /* Preview Assets.xcassets in Resources */,
			);
			runOnlyForDeploymentPostprocessing = 0;
		};
/* End PBXResourcesBuildPhase section */

/* Begin PBXShellScriptBuildPhase section */
		300A2344A3EC5E40501F88A4 /* Run Script (Google Maps) */ = {
			isa = PBXShellScriptBuildPhase;
			buildActionMask = 2147483647;
			files = (
			);
			inputFileListPaths = (
			);
			inputPaths = (
				"$(TARGET_BUILD_DIR)/$(INFOPLIST_PATH)",
				./.googlemaps,
			);
			name = "Run Script (Google Maps)";
			outputFileListPaths = (
			);
			outputPaths = (
			);
			runOnlyForDeploymentPostprocessing = 0;
			shellPath = /bin/sh;
			shellScript = "token_file=./.googlemaps\ntoken=\"$(cat $token_file 2>/dev/null)\"\nif [ \"$token\" ]; then\n  plutil -replace GMSAPIKey -string $token \"$TARGET_BUILD_DIR/$INFOPLIST_PATH\"\nelse\n  echo 'warning: Missing Google Maps API Key'\nfi\n";
		};
/* End PBXShellScriptBuildPhase section */

/* Begin PBXSourcesBuildPhase section */
		585A07D90E0856D91F402E54 /* Sources */ = {
			isa = PBXSourcesBuildPhase;
			buildActionMask = 2147483647;
			files = (
				4E9BFFD8D3D4C2EB652DCA6B /* ContentView.swift in Sources */,
				F11128712A34C36A38FD9F05 /* GoogleMapsView.swift in Sources */,
				018E426DC2C44D247837E21A /* SandboxApp.swift in Sources */,
			);
			runOnlyForDeploymentPostprocessing = 0;
		};
/* End PBXSourcesBuildPhase section */

/* Begin XCBuildConfiguration section */
		9F10A348803499B2DACA0A89 /* Debug */ = {
			isa = XCBuildConfiguration;
			buildSettings = {
				ALWAYS_SEARCH_USER_PATHS = NO;
				CLANG_ANALYZER_NONNULL = YES;
				CLANG_ANALYZER_NUMBER_OBJECT_CONVERSION = YES_AGGRESSIVE;
				CLANG_CXX_LANGUAGE_STANDARD = "gnu++14";
				CLANG_CXX_LIBRARY = "libc++";
				CLANG_ENABLE_MODULES = YES;
				CLANG_ENABLE_OBJC_ARC = YES;
				CLANG_ENABLE_OBJC_WEAK = YES;
				CLANG_WARN_BLOCK_CAPTURE_AUTORELEASING = YES;
				CLANG_WARN_BOOL_CONVERSION = YES;
				CLANG_WARN_COMMA = YES;
				CLANG_WARN_CONSTANT_CONVERSION = YES;
				CLANG_WARN_DEPRECATED_OBJC_IMPLEMENTATIONS = YES;
				CLANG_WARN_DIRECT_OBJC_ISA_USAGE = YES_ERROR;
				CLANG_WARN_DOCUMENTATION_COMMENTS = YES;
				CLANG_WARN_EMPTY_BODY = YES;
				CLANG_WARN_ENUM_CONVERSION = YES;
				CLANG_WARN_INFINITE_RECURSION = YES;
				CLANG_WARN_INT_CONVERSION = YES;
				CLANG_WARN_NON_LITERAL_NULL_CONVERSION = YES;
				CLANG_WARN_OBJC_IMPLICIT_RETAIN_SELF = YES;
				CLANG_WARN_OBJC_LITERAL_CONVERSION = YES;
				CLANG_WARN_OBJC_ROOT_CLASS = YES_ERROR;
				CLANG_WARN_QUOTED_INCLUDE_IN_FRAMEWORK_HEADER = YES;
				CLANG_WARN_RANGE_LOOP_ANALYSIS = YES;
				CLANG_WARN_STRICT_PROTOTYPES = YES;
				CLANG_WARN_SUSPICIOUS_MOVE = YES;
				CLANG_WARN_UNGUARDED_AVAILABILITY = YES_AGGRESSIVE;
				CLANG_WARN_UNREACHABLE_CODE = YES;
				CLANG_WARN__DUPLICATE_METHOD_MATCH = YES;
				COPY_PHASE_STRIP = NO;
				CURRENT_PROJECT_VERSION = 1;
				DEBUG_INFORMATION_FORMAT = dwarf;
				ENABLE_STRICT_OBJC_MSGSEND = YES;
				ENABLE_TESTABILITY = YES;
				GCC_C_LANGUAGE_STANDARD = gnu11;
				GCC_DYNAMIC_NO_PIC = NO;
				GCC_NO_COMMON_BLOCKS = YES;
				GCC_OPTIMIZATION_LEVEL = 0;
				GCC_PREPROCESSOR_DEFINITIONS = (
					"$(inherited)",
					"DEBUG=1",
				);
				GCC_WARN_64_TO_32_BIT_CONVERSION = YES;
				GCC_WARN_ABOUT_RETURN_TYPE = YES_ERROR;
				GCC_WARN_UNDECLARED_SELECTOR = YES;
				GCC_WARN_UNINITIALIZED_AUTOS = YES_AGGRESSIVE;
				GCC_WARN_UNUSED_FUNCTION = YES;
				GCC_WARN_UNUSED_VARIABLE = YES;
				IPHONEOS_DEPLOYMENT_TARGET = 14.0;
				MARKETING_VERSION = 0.0.1;
				MTL_ENABLE_DEBUG_INFO = INCLUDE_SOURCE;
				MTL_FAST_MATH = YES;
				ONLY_ACTIVE_ARCH = YES;
				PRODUCT_NAME = "$(TARGET_NAME)";
				SDKROOT = iphoneos;
				SWIFT_ACTIVE_COMPILATION_CONDITIONS = DEBUG;
				SWIFT_OPTIMIZATION_LEVEL = "-Onone";
				SWIFT_VERSION = 5.0;
			};
			name = Debug;
		};
		C734A541DB148FF432A946B1 /* Release */ = {
			isa = XCBuildConfiguration;
			buildSettings = {
				ALWAYS_SEARCH_USER_PATHS = NO;
				CLANG_ANALYZER_NONNULL = YES;
				CLANG_ANALYZER_NUMBER_OBJECT_CONVERSION = YES_AGGRESSIVE;
				CLANG_CXX_LANGUAGE_STANDARD = "gnu++14";
				CLANG_CXX_LIBRARY = "libc++";
				CLANG_ENABLE_MODULES = YES;
				CLANG_ENABLE_OBJC_ARC = YES;
				CLANG_ENABLE_OBJC_WEAK = YES;
				CLANG_WARN_BLOCK_CAPTURE_AUTORELEASING = YES;
				CLANG_WARN_BOOL_CONVERSION = YES;
				CLANG_WARN_COMMA = YES;
				CLANG_WARN_CONSTANT_CONVERSION = YES;
				CLANG_WARN_DEPRECATED_OBJC_IMPLEMENTATIONS = YES;
				CLANG_WARN_DIRECT_OBJC_ISA_USAGE = YES_ERROR;
				CLANG_WARN_DOCUMENTATION_COMMENTS = YES;
				CLANG_WARN_EMPTY_BODY = YES;
				CLANG_WARN_ENUM_CONVERSION = YES;
				CLANG_WARN_INFINITE_RECURSION = YES;
				CLANG_WARN_INT_CONVERSION = YES;
				CLANG_WARN_NON_LITERAL_NULL_CONVERSION = YES;
				CLANG_WARN_OBJC_IMPLICIT_RETAIN_SELF = YES;
				CLANG_WARN_OBJC_LITERAL_CONVERSION = YES;
				CLANG_WARN_OBJC_ROOT_CLASS = YES_ERROR;
				CLANG_WARN_QUOTED_INCLUDE_IN_FRAMEWORK_HEADER = YES;
				CLANG_WARN_RANGE_LOOP_ANALYSIS = YES;
				CLANG_WARN_STRICT_PROTOTYPES = YES;
				CLANG_WARN_SUSPICIOUS_MOVE = YES;
				CLANG_WARN_UNGUARDED_AVAILABILITY = YES_AGGRESSIVE;
				CLANG_WARN_UNREACHABLE_CODE = YES;
				CLANG_WARN__DUPLICATE_METHOD_MATCH = YES;
				COPY_PHASE_STRIP = NO;
				CURRENT_PROJECT_VERSION = 1;
				DEBUG_INFORMATION_FORMAT = "dwarf-with-dsym";
				ENABLE_NS_ASSERTIONS = NO;
				ENABLE_STRICT_OBJC_MSGSEND = YES;
				GCC_C_LANGUAGE_STANDARD = gnu11;
				GCC_NO_COMMON_BLOCKS = YES;
				GCC_WARN_64_TO_32_BIT_CONVERSION = YES;
				GCC_WARN_ABOUT_RETURN_TYPE = YES_ERROR;
				GCC_WARN_UNDECLARED_SELECTOR = YES;
				GCC_WARN_UNINITIALIZED_AUTOS = YES_AGGRESSIVE;
				GCC_WARN_UNUSED_FUNCTION = YES;
				GCC_WARN_UNUSED_VARIABLE = YES;
				IPHONEOS_DEPLOYMENT_TARGET = 14.0;
				MARKETING_VERSION = 0.0.1;
				MTL_ENABLE_DEBUG_INFO = NO;
				MTL_FAST_MATH = YES;
				PRODUCT_NAME = "$(TARGET_NAME)";
				SDKROOT = iphoneos;
				SWIFT_COMPILATION_MODE = wholemodule;
				SWIFT_OPTIMIZATION_LEVEL = "-O";
				SWIFT_VERSION = 5.0;
			};
			name = Release;
		};
		E5977C5BE500CB12C536AEBB /* Release */ = {
			isa = XCBuildConfiguration;
			buildSettings = {
				ASSETCATALOG_COMPILER_APPICON_NAME = AppIcon;
				CODE_SIGN_IDENTITY = "iPhone Developer";
				DEVELOPMENT_ASSET_PATHS = "\"GoogleMaps-Sandbox/Preview Content\"";
				ENABLE_PREVIEWS = YES;
				FRAMEWORK_SEARCH_PATHS = (
					"$(inherited)",
					"\"Carthage/Build\"",
				);
				GENERATE_INFOPLIST_FILE = YES;
				INFOPLIST_FILE = "Carthage/Build/GoogleMaps.xcframework/ios-arm64_x86_64-simulator/GoogleMaps.framework/Resources/GoogleMaps.bundle/GMSCoreResources.bundle/Info.plist";
				INFOPLIST_KEY_UILaunchScreen_Generation = YES;
				INFOPLIST_KEY_UISupportedInterfaceOrientations = (
					UIInterfaceOrientationPortrait,
				);
				LD_RUNPATH_SEARCH_PATHS = (
					"$(inherited)",
					"@executable_path/Frameworks",
				);
				OTHER_LDFLAGS = "$(inherited) -ObjC";
				PRODUCT_BUNDLE_IDENTIFIER = "com.kinto.GoogleMaps-Sandbox";
				SDKROOT = iphoneos;
				TARGETED_DEVICE_FAMILY = 1;
			};
			name = Release;
		};
		FDA7B314837F84F6A74B9721 /* Debug */ = {
			isa = XCBuildConfiguration;
			buildSettings = {
				ASSETCATALOG_COMPILER_APPICON_NAME = AppIcon;
				CODE_SIGN_IDENTITY = "iPhone Developer";
				DEVELOPMENT_ASSET_PATHS = "\"GoogleMaps-Sandbox/Preview Content\"";
				ENABLE_PREVIEWS = YES;
				FRAMEWORK_SEARCH_PATHS = (
					"$(inherited)",
					"\"Carthage/Build\"",
				);
				GENERATE_INFOPLIST_FILE = YES;
				INFOPLIST_FILE = "Carthage/Build/GoogleMaps.xcframework/ios-arm64_x86_64-simulator/GoogleMaps.framework/Resources/GoogleMaps.bundle/GMSCoreResources.bundle/Info.plist";
				INFOPLIST_KEY_UILaunchScreen_Generation = YES;
				INFOPLIST_KEY_UISupportedInterfaceOrientations = (
					UIInterfaceOrientationPortrait,
				);
				LD_RUNPATH_SEARCH_PATHS = (
					"$(inherited)",
					"@executable_path/Frameworks",
				);
				OTHER_LDFLAGS = "$(inherited) -ObjC";
				PRODUCT_BUNDLE_IDENTIFIER = "com.kinto.GoogleMaps-Sandbox";
				SDKROOT = iphoneos;
				TARGETED_DEVICE_FAMILY = 1;
			};
			name = Debug;
		};
/* End XCBuildConfiguration section */

/* Begin XCConfigurationList section */
		3A5940EBC32298B2FCD09733 /* Build configuration list for PBXNativeTarget "GoogleMaps-Sandbox" */ = {
			isa = XCConfigurationList;
			buildConfigurations = (
				FDA7B314837F84F6A74B9721 /* Debug */,
				E5977C5BE500CB12C536AEBB /* Release */,
			);
			defaultConfigurationIsVisible = 0;
			defaultConfigurationName = Debug;
		};
		9325BF3DA05C9F11C9D5FE7D /* Build configuration list for PBXProject "GoogleMaps-Sandbox" */ = {
			isa = XCConfigurationList;
			buildConfigurations = (
				9F10A348803499B2DACA0A89 /* Debug */,
				C734A541DB148FF432A946B1 /* Release */,
			);
			defaultConfigurationIsVisible = 0;
			defaultConfigurationName = Debug;
		};
/* End XCConfigurationList section */
	};
	rootObject = 8A2911003AF9FD28E2E9C5B7 /* Project object */;
}
